// !$*UTF8*$!
{
	archiveVersion = 1;
	classes = {
	};
	objectVersion = 90;
	objects = {

/* Begin PBXBuildFile section */
		401B0A262E7D3A9A00C62B5D /* NavigationUITests.swift in Sources */ = {isa = PBXBuildFile; fileRef = 401B0A242E7D3A9A00C62B5D /* NavigationUITests.swift */; };
		401B0A272E7D3A9A00C62B5D /* MissingPartsUITests.swift in Sources */ = {isa = PBXBuildFile; fileRef = 401B0A232E7D3A9A00C62B5D /* MissingPartsUITests.swift */; };
		401B0A282E7D3A9A00C62B5D /* BrowseUITests.swift in Sources */ = {isa = PBXBuildFile; fileRef = 401B0A212E7D3A9A00C62B5D /* BrowseUITests.swift */; };
		401B0A292E7D3A9A00C62B5D /* CollectionUITests.swift in Sources */ = {isa = PBXBuildFile; fileRef = 401B0A222E7D3A9A00C62B5D /* CollectionUITests.swift */; };
		401B0A2A2E7D3A9A00C62B5D /* SearchUITests.swift in Sources */ = {isa = PBXBuildFile; fileRef = 401B0A252E7D3A9A00C62B5D /* SearchUITests.swift */; };
		401B0A2B2E7D3A9A00C62B5D /* BaseUITest.swift in Sources */ = {isa = PBXBuildFile; fileRef = 401B0A202E7D3A9A00C62B5D /* BaseUITest.swift */; };
		401B0A2E2E7D3AB000C62B5D /* AccessibilityUITests.swift in Sources */ = {isa = PBXBuildFile; fileRef = 401B0A2C2E7D3AB000C62B5D /* AccessibilityUITests.swift */; };
		401B0A2F2E7D3AB000C62B5D /* ErrorHandlingPerformanceUITests.swift in Sources */ = {isa = PBXBuildFile; fileRef = 401B0A2D2E7D3AB000C62B5D /* ErrorHandlingPerformanceUITests.swift */; };
		402F27E92E7D275A00F00917 /* CollectionService.swift in Sources */ = {isa = PBXBuildFile; fileRef = 402F27E72E7D275A00F00917 /* CollectionService.swift */; };
		402F27EA2E7D275A00F00917 /* SearchHistoryService.swift in Sources */ = {isa = PBXBuildFile; fileRef = 402F27E82E7D275A00F00917 /* SearchHistoryService.swift */; };
		402F27F82E7D276E00F00917 /* BarcodeScannerView.swift in Sources */ = {isa = PBXBuildFile; fileRef = 402F27EB2E7D276E00F00917 /* BarcodeScannerView.swift */; };
		402F27F92E7D276E00F00917 /* BrowseView.swift in Sources */ = {isa = PBXBuildFile; fileRef = 402F27EC2E7D276E00F00917 /* BrowseView.swift */; };
		402F27FA2E7D276E00F00917 /* CollectionExportView.swift in Sources */ = {isa = PBXBuildFile; fileRef = 402F27ED2E7D276E00F00917 /* CollectionExportView.swift */; };
		402F27FB2E7D276E00F00917 /* CollectionStatisticsView.swift in Sources */ = {isa = PBXBuildFile; fileRef = 402F27EE2E7D276E00F00917 /* CollectionStatisticsView.swift */; };
		402F27FC2E7D276E00F00917 /* SearchFiltersView.swift in Sources */ = {isa = PBXBuildFile; fileRef = 402F27F12E7D276E00F00917 /* SearchFiltersView.swift */; };
		402F27FD2E7D276E00F00917 /* CollectionView.swift in Sources */ = {isa = PBXBuildFile; fileRef = 402F27EF2E7D276E00F00917 /* CollectionView.swift */; };
		402F27FE2E7D276E00F00917 /* SetListView.swift in Sources */ = {isa = PBXBuildFile; fileRef = 402F27F42E7D276E00F00917 /* SetListView.swift */; };
		402F27FF2E7D276E00F00917 /* SettingsView.swift in Sources */ = {isa = PBXBuildFile; fileRef = 402F27F52E7D276E00F00917 /* SettingsView.swift */; };
		402F28002E7D276E00F00917 /* MissingPartsView.swift in Sources */ = {isa = PBXBuildFile; fileRef = 402F27F02E7D276E00F00917 /* MissingPartsView.swift */; };
		402F28012E7D276E00F00917 /* SearchView.swift in Sources */ = {isa = PBXBuildFile; fileRef = 402F27F22E7D276E00F00917 /* SearchView.swift */; };
		402F28022E7D276E00F00917 /* SetDetailView.swift in Sources */ = {isa = PBXBuildFile; fileRef = 402F27F32E7D276E00F00917 /* SetDetailView.swift */; };
		402F28032E7D276E00F00917 /* WishlistView.swift in Sources */ = {isa = PBXBuildFile; fileRef = 402F27F72E7D276E00F00917 /* WishlistView.swift */; };
		402F28042E7D276E00F00917 /* ThemeNavigator.swift in Sources */ = {isa = PBXBuildFile; fileRef = 402F27F62E7D276E00F00917 /* ThemeNavigator.swift */; };
		402F28072E7D278100F00917 /* MissingPart.swift in Sources */ = {isa = PBXBuildFile; fileRef = 402F28062E7D278100F00917 /* MissingPart.swift */; };
		402F28082E7D278100F00917 /* BrixieMigrationPlan.swift in Sources */ = {isa = PBXBuildFile; fileRef = 402F28052E7D278100F00917 /* BrixieMigrationPlan.swift */; };
		402F280B2E7D279400F00917 /* SetCardView.swift in Sources */ = {isa = PBXBuildFile; fileRef = 402F280A2E7D279400F00917 /* SetCardView.swift */; };
		402F280C2E7D279400F00917 /* LoadingView.swift in Sources */ = {isa = PBXBuildFile; fileRef = 402F28092E7D279400F00917 /* LoadingView.swift */; };
		402F28102E7D32C700F00917 /* ModelTests.swift in Sources */ = {isa = PBXBuildFile; fileRef = 402F280D2E7D32C700F00917 /* ModelTests.swift */; };
		402F28112E7D32C700F00917 /* ServiceTests.swift in Sources */ = {isa = PBXBuildFile; fileRef = 402F280E2E7D32C700F00917 /* ServiceTests.swift */; };
		4091B0A42E7D47680079F97C /* SearchViewModel.swift in Sources */ = {isa = PBXBuildFile; fileRef = 4091B0A02E7D47680079F97C /* SearchViewModel.swift */; };
		4091B0A52E7D47680079F97C /* WishlistViewModel.swift in Sources */ = {isa = PBXBuildFile; fileRef = 4091B0A22E7D47680079F97C /* WishlistViewModel.swift */; };
		4091B0A62E7D47680079F97C /* CollectionViewModel.swift in Sources */ = {isa = PBXBuildFile; fileRef = 4091B09F2E7D47680079F97C /* CollectionViewModel.swift */; };
		4091B0A72E7D47680079F97C /* SetDetailViewModel.swift in Sources */ = {isa = PBXBuildFile; fileRef = 4091B0A12E7D47680079F97C /* SetDetailViewModel.swift */; };
		4091B0A82E7D47680079F97C /* BrowseViewModel.swift in Sources */ = {isa = PBXBuildFile; fileRef = 4091B09E2E7D47680079F97C /* BrowseViewModel.swift */; };
		4091B0AA2E7D477E0079F97C /* BrixieError.swift in Sources */ = {isa = PBXBuildFile; fileRef = 4091B0A92E7D477E0079F97C /* BrixieError.swift */; };
		4091B0AC2E7D47AD0079F97C /* OfflineManager.swift in Sources */ = {isa = PBXBuildFile; fileRef = 4091B0AB2E7D47AD0079F97C /* OfflineManager.swift */; };
		40C6BDE92E7C782500D3B0B8 /* LegoSetService.swift in Sources */ = {isa = PBXBuildFile; fileRef = 40C6BDE12E7C782500D3B0B8 /* LegoSetService.swift */; };
		40C6BDEA2E7C782500D3B0B8 /* LegoSet.swift in Sources */ = {isa = PBXBuildFile; fileRef = 40C6BDDC2E7C782500D3B0B8 /* LegoSet.swift */; };
		40C6BDEB2E7C782500D3B0B8 /* GeneratedConfiguration.swift in Sources */ = {isa = PBXBuildFile; fileRef = 40C6BDD82E7C782500D3B0B8 /* GeneratedConfiguration.swift */; };
		40C6BDEC2E7C782500D3B0B8 /* UserCollection.swift in Sources */ = {isa = PBXBuildFile; fileRef = 40C6BDDE2E7C782500D3B0B8 /* UserCollection.swift */; };
		40C6BDED2E7C782500D3B0B8 /* APIConfiguration.swift in Sources */ = {isa = PBXBuildFile; fileRef = 40C6BDDA2E7C782500D3B0B8 /* APIConfiguration.swift */; };
		40C6BDEE2E7C782500D3B0B8 /* Theme.swift in Sources */ = {isa = PBXBuildFile; fileRef = 40C6BDDD2E7C782500D3B0B8 /* Theme.swift */; };
		40C6BDEF2E7C782500D3B0B8 /* ContentView.swift in Sources */ = {isa = PBXBuildFile; fileRef = 40C6BDE32E7C782500D3B0B8 /* ContentView.swift */; };
		40C6BDF02E7C782500D3B0B8 /* AsyncCachedImage.swift in Sources */ = {isa = PBXBuildFile; fileRef = 40C6BDD62E7C782500D3B0B8 /* AsyncCachedImage.swift */; };
		40C6BDF12E7C782500D3B0B8 /* ImageCacheService.swift in Sources */ = {isa = PBXBuildFile; fileRef = 40C6BDE02E7C782500D3B0B8 /* ImageCacheService.swift */; };
		40C6BDF22E7C782500D3B0B8 /* BrixieApp.swift in Sources */ = {isa = PBXBuildFile; fileRef = 40C6BDE52E7C782500D3B0B8 /* BrixieApp.swift */; };
		40E9B59C2E675D0200906173 /* RebrickableLegoAPIClient in Frameworks */ = {isa = PBXBuildFile; productRef = 40E9B59B2E675D0200906173 /* RebrickableLegoAPIClient */; };
/* End PBXBuildFile section */

/* Begin PBXContainerItemProxy section */
		4024719A2E65926A001A8343 /* PBXContainerItemProxy */ = {
			isa = PBXContainerItemProxy;
			containerPortal = 402471802E659269001A8343 /* Project object */;
			proxyType = 1;
			remoteGlobalIDString = 402471872E659269001A8343;
			remoteInfo = Brixie;
		};
		402471A42E65926A001A8343 /* PBXContainerItemProxy */ = {
			isa = PBXContainerItemProxy;
			containerPortal = 402471802E659269001A8343 /* Project object */;
			proxyType = 1;
			remoteGlobalIDString = 402471872E659269001A8343;
			remoteInfo = Brixie;
		};
/* End PBXContainerItemProxy section */

/* Begin PBXFileReference section */
		401B0A202E7D3A9A00C62B5D /* BaseUITest.swift */ = {isa = PBXFileReference; lastKnownFileType = sourcecode.swift; path = BaseUITest.swift; sourceTree = "<group>"; };
		401B0A212E7D3A9A00C62B5D /* BrowseUITests.swift */ = {isa = PBXFileReference; lastKnownFileType = sourcecode.swift; path = BrowseUITests.swift; sourceTree = "<group>"; };
		401B0A222E7D3A9A00C62B5D /* CollectionUITests.swift */ = {isa = PBXFileReference; lastKnownFileType = sourcecode.swift; path = CollectionUITests.swift; sourceTree = "<group>"; };
		401B0A232E7D3A9A00C62B5D /* MissingPartsUITests.swift */ = {isa = PBXFileReference; lastKnownFileType = sourcecode.swift; path = MissingPartsUITests.swift; sourceTree = "<group>"; };
		401B0A242E7D3A9A00C62B5D /* NavigationUITests.swift */ = {isa = PBXFileReference; lastKnownFileType = sourcecode.swift; path = NavigationUITests.swift; sourceTree = "<group>"; };
		401B0A252E7D3A9A00C62B5D /* SearchUITests.swift */ = {isa = PBXFileReference; lastKnownFileType = sourcecode.swift; path = SearchUITests.swift; sourceTree = "<group>"; };
		401B0A2C2E7D3AB000C62B5D /* AccessibilityUITests.swift */ = {isa = PBXFileReference; lastKnownFileType = sourcecode.swift; path = AccessibilityUITests.swift; sourceTree = "<group>"; };
		401B0A2D2E7D3AB000C62B5D /* ErrorHandlingPerformanceUITests.swift */ = {isa = PBXFileReference; lastKnownFileType = sourcecode.swift; path = ErrorHandlingPerformanceUITests.swift; sourceTree = "<group>"; };
		402471882E659269001A8343 /* Brixie.app */ = {isa = PBXFileReference; explicitFileType = wrapper.application; includeInIndex = 0; path = Brixie.app; sourceTree = BUILT_PRODUCTS_DIR; };
		402471992E65926A001A8343 /* BrixieTests.xctest */ = {isa = PBXFileReference; explicitFileType = wrapper.cfbundle; includeInIndex = 0; path = BrixieTests.xctest; sourceTree = BUILT_PRODUCTS_DIR; };
		402471A32E65926A001A8343 /* BrixieUITests.xctest */ = {isa = PBXFileReference; explicitFileType = wrapper.cfbundle; includeInIndex = 0; path = BrixieUITests.xctest; sourceTree = BUILT_PRODUCTS_DIR; };
		402F27E72E7D275A00F00917 /* CollectionService.swift */ = {isa = PBXFileReference; lastKnownFileType = sourcecode.swift; path = CollectionService.swift; sourceTree = "<group>"; };
		402F27E82E7D275A00F00917 /* SearchHistoryService.swift */ = {isa = PBXFileReference; lastKnownFileType = sourcecode.swift; path = SearchHistoryService.swift; sourceTree = "<group>"; };
		402F27EB2E7D276E00F00917 /* BarcodeScannerView.swift */ = {isa = PBXFileReference; lastKnownFileType = sourcecode.swift; path = BarcodeScannerView.swift; sourceTree = "<group>"; };
		402F27EC2E7D276E00F00917 /* BrowseView.swift */ = {isa = PBXFileReference; lastKnownFileType = sourcecode.swift; path = BrowseView.swift; sourceTree = "<group>"; };
		402F27ED2E7D276E00F00917 /* CollectionExportView.swift */ = {isa = PBXFileReference; lastKnownFileType = sourcecode.swift; path = CollectionExportView.swift; sourceTree = "<group>"; };
		402F27EE2E7D276E00F00917 /* CollectionStatisticsView.swift */ = {isa = PBXFileReference; lastKnownFileType = sourcecode.swift; path = CollectionStatisticsView.swift; sourceTree = "<group>"; };
		402F27EF2E7D276E00F00917 /* CollectionView.swift */ = {isa = PBXFileReference; lastKnownFileType = sourcecode.swift; path = CollectionView.swift; sourceTree = "<group>"; };
		402F27F02E7D276E00F00917 /* MissingPartsView.swift */ = {isa = PBXFileReference; lastKnownFileType = sourcecode.swift; path = MissingPartsView.swift; sourceTree = "<group>"; };
		402F27F12E7D276E00F00917 /* SearchFiltersView.swift */ = {isa = PBXFileReference; lastKnownFileType = sourcecode.swift; path = SearchFiltersView.swift; sourceTree = "<group>"; };
		402F27F22E7D276E00F00917 /* SearchView.swift */ = {isa = PBXFileReference; lastKnownFileType = sourcecode.swift; path = SearchView.swift; sourceTree = "<group>"; };
		402F27F32E7D276E00F00917 /* SetDetailView.swift */ = {isa = PBXFileReference; lastKnownFileType = sourcecode.swift; path = SetDetailView.swift; sourceTree = "<group>"; };
		402F27F42E7D276E00F00917 /* SetListView.swift */ = {isa = PBXFileReference; lastKnownFileType = sourcecode.swift; path = SetListView.swift; sourceTree = "<group>"; };
		402F27F52E7D276E00F00917 /* SettingsView.swift */ = {isa = PBXFileReference; lastKnownFileType = sourcecode.swift; path = SettingsView.swift; sourceTree = "<group>"; };
		402F27F62E7D276E00F00917 /* ThemeNavigator.swift */ = {isa = PBXFileReference; lastKnownFileType = sourcecode.swift; path = ThemeNavigator.swift; sourceTree = "<group>"; };
		402F27F72E7D276E00F00917 /* WishlistView.swift */ = {isa = PBXFileReference; lastKnownFileType = sourcecode.swift; path = WishlistView.swift; sourceTree = "<group>"; };
		402F28052E7D278100F00917 /* BrixieMigrationPlan.swift */ = {isa = PBXFileReference; lastKnownFileType = sourcecode.swift; path = BrixieMigrationPlan.swift; sourceTree = "<group>"; };
		402F28062E7D278100F00917 /* MissingPart.swift */ = {isa = PBXFileReference; lastKnownFileType = sourcecode.swift; path = MissingPart.swift; sourceTree = "<group>"; };
		402F28092E7D279400F00917 /* LoadingView.swift */ = {isa = PBXFileReference; lastKnownFileType = sourcecode.swift; path = LoadingView.swift; sourceTree = "<group>"; };
		402F280A2E7D279400F00917 /* SetCardView.swift */ = {isa = PBXFileReference; lastKnownFileType = sourcecode.swift; path = SetCardView.swift; sourceTree = "<group>"; };
		402F280D2E7D32C700F00917 /* ModelTests.swift */ = {isa = PBXFileReference; lastKnownFileType = sourcecode.swift; path = ModelTests.swift; sourceTree = "<group>"; };
		402F280E2E7D32C700F00917 /* ServiceTests.swift */ = {isa = PBXFileReference; lastKnownFileType = sourcecode.swift; path = ServiceTests.swift; sourceTree = "<group>"; };
		4091B09E2E7D47680079F97C /* BrowseViewModel.swift */ = {isa = PBXFileReference; lastKnownFileType = sourcecode.swift; path = BrowseViewModel.swift; sourceTree = "<group>"; };
		4091B09F2E7D47680079F97C /* CollectionViewModel.swift */ = {isa = PBXFileReference; lastKnownFileType = sourcecode.swift; path = CollectionViewModel.swift; sourceTree = "<group>"; };
		4091B0A02E7D47680079F97C /* SearchViewModel.swift */ = {isa = PBXFileReference; lastKnownFileType = sourcecode.swift; path = SearchViewModel.swift; sourceTree = "<group>"; };
		4091B0A12E7D47680079F97C /* SetDetailViewModel.swift */ = {isa = PBXFileReference; lastKnownFileType = sourcecode.swift; path = SetDetailViewModel.swift; sourceTree = "<group>"; };
		4091B0A22E7D47680079F97C /* WishlistViewModel.swift */ = {isa = PBXFileReference; lastKnownFileType = sourcecode.swift; path = WishlistViewModel.swift; sourceTree = "<group>"; };
		4091B0A92E7D477E0079F97C /* BrixieError.swift */ = {isa = PBXFileReference; lastKnownFileType = sourcecode.swift; path = BrixieError.swift; sourceTree = "<group>"; };
		4091B0AB2E7D47AD0079F97C /* OfflineManager.swift */ = {isa = PBXFileReference; lastKnownFileType = sourcecode.swift; path = OfflineManager.swift; sourceTree = "<group>"; };
		40C6BDD62E7C782500D3B0B8 /* AsyncCachedImage.swift */ = {isa = PBXFileReference; lastKnownFileType = sourcecode.swift; path = AsyncCachedImage.swift; sourceTree = "<group>"; };
		40C6BDD82E7C782500D3B0B8 /* GeneratedConfiguration.swift */ = {isa = PBXFileReference; lastKnownFileType = sourcecode.swift; path = GeneratedConfiguration.swift; sourceTree = "<group>"; };
		40C6BDDA2E7C782500D3B0B8 /* APIConfiguration.swift */ = {isa = PBXFileReference; lastKnownFileType = sourcecode.swift; path = APIConfiguration.swift; sourceTree = "<group>"; };
		40C6BDDC2E7C782500D3B0B8 /* LegoSet.swift */ = {isa = PBXFileReference; lastKnownFileType = sourcecode.swift; path = LegoSet.swift; sourceTree = "<group>"; };
		40C6BDDD2E7C782500D3B0B8 /* Theme.swift */ = {isa = PBXFileReference; lastKnownFileType = sourcecode.swift; path = Theme.swift; sourceTree = "<group>"; };
		40C6BDDE2E7C782500D3B0B8 /* UserCollection.swift */ = {isa = PBXFileReference; lastKnownFileType = sourcecode.swift; path = UserCollection.swift; sourceTree = "<group>"; };
		40C6BDE02E7C782500D3B0B8 /* ImageCacheService.swift */ = {isa = PBXFileReference; lastKnownFileType = sourcecode.swift; path = ImageCacheService.swift; sourceTree = "<group>"; };
		40C6BDE12E7C782500D3B0B8 /* LegoSetService.swift */ = {isa = PBXFileReference; lastKnownFileType = sourcecode.swift; path = LegoSetService.swift; sourceTree = "<group>"; };
		40C6BDE32E7C782500D3B0B8 /* ContentView.swift */ = {isa = PBXFileReference; lastKnownFileType = sourcecode.swift; path = ContentView.swift; sourceTree = "<group>"; };
		40C6BDE52E7C782500D3B0B8 /* BrixieApp.swift */ = {isa = PBXFileReference; lastKnownFileType = sourcecode.swift; path = BrixieApp.swift; sourceTree = "<group>"; };
		40C6BDE62E7C782500D3B0B8 /* Info.plist */ = {isa = PBXFileReference; lastKnownFileType = text.plist.xml; path = Info.plist; sourceTree = "<group>"; };
/* End PBXFileReference section */

/* Begin PBXFrameworksBuildPhase section */
		402471852E659269001A8343 /* Frameworks */ = {
			isa = PBXFrameworksBuildPhase;
			files = (
				40E9B59C2E675D0200906173 /* RebrickableLegoAPIClient in Frameworks */,
			);
		};
		402471962E65926A001A8343 /* Frameworks */ = {
			isa = PBXFrameworksBuildPhase;
			files = (
			);
		};
		402471A02E65926A001A8343 /* Frameworks */ = {
			isa = PBXFrameworksBuildPhase;
			files = (
			);
		};
/* End PBXFrameworksBuildPhase section */

/* Begin PBXGroup section */
		4024717F2E659269001A8343 = {
			isa = PBXGroup;
			children = (
				40C6BDE72E7C782500D3B0B8 /* Brixie */,
				402F28132E7D32D100F00917 /* BrixieUITests */,
				402F280F2E7D32C700F00917 /* BrixieTests */,
				402471892E659269001A8343 /* Products */,
			);
			sourceTree = "<group>";
		};
		402471892E659269001A8343 /* Products */ = {
			isa = PBXGroup;
			children = (
				402471882E659269001A8343 /* Brixie.app */,
				402471992E65926A001A8343 /* BrixieTests.xctest */,
				402471A32E65926A001A8343 /* BrixieUITests.xctest */,
			);
			name = Products;
			sourceTree = "<group>";
		};
		402F280F2E7D32C700F00917 /* BrixieTests */ = {
			isa = PBXGroup;
			children = (
				402F280D2E7D32C700F00917 /* ModelTests.swift */,
				402F280E2E7D32C700F00917 /* ServiceTests.swift */,
			);
			path = BrixieTests;
			sourceTree = "<group>";
		};
		402F28132E7D32D100F00917 /* BrixieUITests */ = {
			isa = PBXGroup;
			children = (
				401B0A2C2E7D3AB000C62B5D /* AccessibilityUITests.swift */,
				401B0A2D2E7D3AB000C62B5D /* ErrorHandlingPerformanceUITests.swift */,
				401B0A202E7D3A9A00C62B5D /* BaseUITest.swift */,
				401B0A212E7D3A9A00C62B5D /* BrowseUITests.swift */,
				401B0A222E7D3A9A00C62B5D /* CollectionUITests.swift */,
				401B0A232E7D3A9A00C62B5D /* MissingPartsUITests.swift */,
				401B0A242E7D3A9A00C62B5D /* NavigationUITests.swift */,
				401B0A252E7D3A9A00C62B5D /* SearchUITests.swift */,
			);
			path = BrixieUITests;
			sourceTree = "<group>";
		};
		4091B0A32E7D47680079F97C /* ViewModels */ = {
			isa = PBXGroup;
			children = (
				4091B09E2E7D47680079F97C /* BrowseViewModel.swift */,
				4091B09F2E7D47680079F97C /* CollectionViewModel.swift */,
				4091B0A02E7D47680079F97C /* SearchViewModel.swift */,
				4091B0A12E7D47680079F97C /* SetDetailViewModel.swift */,
				4091B0A22E7D47680079F97C /* WishlistViewModel.swift */,
			);
			path = ViewModels;
			sourceTree = "<group>";
		};
		40C6BDD72E7C782500D3B0B8 /* Components */ = {
			isa = PBXGroup;
			children = (
				402F28092E7D279400F00917 /* LoadingView.swift */,
				402F280A2E7D279400F00917 /* SetCardView.swift */,
				40C6BDD62E7C782500D3B0B8 /* AsyncCachedImage.swift */,
			);
			path = Components;
			sourceTree = "<group>";
		};
		40C6BDD92E7C782500D3B0B8 /* Generated */ = {
			isa = PBXGroup;
			children = (
				40C6BDD82E7C782500D3B0B8 /* GeneratedConfiguration.swift */,
			);
			path = Generated;
			sourceTree = "<group>";
		};
		40C6BDDB2E7C782500D3B0B8 /* Configuration */ = {
			isa = PBXGroup;
			children = (
				40C6BDD92E7C782500D3B0B8 /* Generated */,
				40C6BDDA2E7C782500D3B0B8 /* APIConfiguration.swift */,
			);
			path = Configuration;
			sourceTree = "<group>";
		};
		40C6BDDF2E7C782500D3B0B8 /* Models */ = {
			isa = PBXGroup;
			children = (
				4091B0A92E7D477E0079F97C /* BrixieError.swift */,
				402F28052E7D278100F00917 /* BrixieMigrationPlan.swift */,
				402F28062E7D278100F00917 /* MissingPart.swift */,
				40C6BDDC2E7C782500D3B0B8 /* LegoSet.swift */,
				40C6BDDD2E7C782500D3B0B8 /* Theme.swift */,
				40C6BDDE2E7C782500D3B0B8 /* UserCollection.swift */,
			);
			path = Models;
			sourceTree = "<group>";
		};
		40C6BDE22E7C782500D3B0B8 /* Services */ = {
			isa = PBXGroup;
			children = (
				4091B0AB2E7D47AD0079F97C /* OfflineManager.swift */,
				402F27E72E7D275A00F00917 /* CollectionService.swift */,
				402F27E82E7D275A00F00917 /* SearchHistoryService.swift */,
				40C6BDE02E7C782500D3B0B8 /* ImageCacheService.swift */,
				40C6BDE12E7C782500D3B0B8 /* LegoSetService.swift */,
			);
			path = Services;
			sourceTree = "<group>";
		};
		40C6BDE42E7C782500D3B0B8 /* Views */ = {
			isa = PBXGroup;
			children = (
				402F27EB2E7D276E00F00917 /* BarcodeScannerView.swift */,
				402F27EC2E7D276E00F00917 /* BrowseView.swift */,
				402F27ED2E7D276E00F00917 /* CollectionExportView.swift */,
				402F27EE2E7D276E00F00917 /* CollectionStatisticsView.swift */,
				402F27EF2E7D276E00F00917 /* CollectionView.swift */,
				402F27F02E7D276E00F00917 /* MissingPartsView.swift */,
				402F27F12E7D276E00F00917 /* SearchFiltersView.swift */,
				402F27F22E7D276E00F00917 /* SearchView.swift */,
				402F27F32E7D276E00F00917 /* SetDetailView.swift */,
				402F27F42E7D276E00F00917 /* SetListView.swift */,
				402F27F52E7D276E00F00917 /* SettingsView.swift */,
				402F27F62E7D276E00F00917 /* ThemeNavigator.swift */,
				402F27F72E7D276E00F00917 /* WishlistView.swift */,
				40C6BDE32E7C782500D3B0B8 /* ContentView.swift */,
			);
			path = Views;
			sourceTree = "<group>";
		};
		40C6BDE72E7C782500D3B0B8 /* Brixie */ = {
			isa = PBXGroup;
			children = (
				4091B0A32E7D47680079F97C /* ViewModels */,
				40C6BDD72E7C782500D3B0B8 /* Components */,
				40C6BDDB2E7C782500D3B0B8 /* Configuration */,
				40C6BDDF2E7C782500D3B0B8 /* Models */,
				40C6BDE22E7C782500D3B0B8 /* Services */,
				40C6BDE42E7C782500D3B0B8 /* Views */,
				40C6BDE52E7C782500D3B0B8 /* BrixieApp.swift */,
				40C6BDE62E7C782500D3B0B8 /* Info.plist */,
			);
			path = Brixie;
			sourceTree = "<group>";
		};
/* End PBXGroup section */

/* Begin PBXNativeTarget section */
		402471872E659269001A8343 /* Brixie */ = {
			isa = PBXNativeTarget;
			buildConfigurationList = 402471AC2E65926A001A8343 /* Build configuration list for PBXNativeTarget "Brixie" */;
			buildPhases = (
				402471842E659269001A8343 /* Sources */,
				402471852E659269001A8343 /* Frameworks */,
				402471862E659269001A8343 /* Resources */,
			);
			buildRules = (
			);
			name = Brixie;
			packageProductDependencies = (
				40E9B59B2E675D0200906173 /* RebrickableLegoAPIClient */,
			);
			productName = Brixie;
			productReference = 402471882E659269001A8343 /* Brixie.app */;
			productType = "com.apple.product-type.application";
		};
		402471982E65926A001A8343 /* BrixieTests */ = {
			isa = PBXNativeTarget;
			buildConfigurationList = 402471B12E65926A001A8343 /* Build configuration list for PBXNativeTarget "BrixieTests" */;
			buildPhases = (
				402471952E65926A001A8343 /* Sources */,
				402471962E65926A001A8343 /* Frameworks */,
				402471972E65926A001A8343 /* Resources */,
			);
			buildRules = (
			);
			dependencies = (
				4024719B2E65926A001A8343 /* PBXTargetDependency */,
			);
			name = BrixieTests;
			productName = BrixieTests;
			productReference = 402471992E65926A001A8343 /* BrixieTests.xctest */;
			productType = "com.apple.product-type.bundle.unit-test";
		};
		402471A22E65926A001A8343 /* BrixieUITests */ = {
			isa = PBXNativeTarget;
			buildConfigurationList = 402471B42E65926A001A8343 /* Build configuration list for PBXNativeTarget "BrixieUITests" */;
			buildPhases = (
				4024719F2E65926A001A8343 /* Sources */,
				402471A02E65926A001A8343 /* Frameworks */,
				402471A12E65926A001A8343 /* Resources */,
			);
			buildRules = (
			);
			dependencies = (
				402471A52E65926A001A8343 /* PBXTargetDependency */,
			);
			name = BrixieUITests;
			productName = BrixieUITests;
			productReference = 402471A32E65926A001A8343 /* BrixieUITests.xctest */;
			productType = "com.apple.product-type.bundle.ui-testing";
		};
/* End PBXNativeTarget section */

/* Begin PBXProject section */
		402471802E659269001A8343 /* Project object */ = {
			isa = PBXProject;
			attributes = {
				BuildIndependentTargetsInParallel = 1;
				LastSwiftUpdateCheck = 2600;
				LastUpgradeCheck = 2600;
				TargetAttributes = {
					402471872E659269001A8343 = {
						CreatedOnToolsVersion = 18.0;
					};
					402471982E65926A001A8343 = {
						CreatedOnToolsVersion = 18.0;
						TestTargetID = 402471872E659269001A8343;
					};
					402471A22E65926A001A8343 = {
						CreatedOnToolsVersion = 18.0;
						TestTargetID = 402471872E659269001A8343;
					};
				};
			};
			buildConfigurationList = 402471832E659269001A8343 /* Build configuration list for PBXProject "Brixie" */;
			developmentRegion = en;
			hasScannedForEncodings = 0;
			knownRegions = (
				en,
				Base,
				de,
			);
			mainGroup = 4024717F2E659269001A8343;
			minimizedProjectReferenceProxies = 1;
			packageReferences = (
				40E9B59A2E675D0200906173 /* XCRemoteSwiftPackageReference "Rebrickable-swift" */,
			);
			preferredProjectObjectVersion = 90;
			productRefGroup = 402471892E659269001A8343 /* Products */;
			projectDirPath = "";
			projectRoot = "";
			targets = (
				402471872E659269001A8343 /* Brixie */,
				402471982E65926A001A8343 /* BrixieTests */,
				402471A22E65926A001A8343 /* BrixieUITests */,
			);
		};
/* End PBXProject section */

/* Begin PBXResourcesBuildPhase section */
		402471862E659269001A8343 /* Resources */ = {
			isa = PBXResourcesBuildPhase;
			files = (
			);
		};
		402471972E65926A001A8343 /* Resources */ = {
			isa = PBXResourcesBuildPhase;
			files = (
			);
		};
		402471A12E65926A001A8343 /* Resources */ = {
			isa = PBXResourcesBuildPhase;
			files = (
			);
		};
/* End PBXResourcesBuildPhase section */

/* Begin PBXSourcesBuildPhase section */
		402471842E659269001A8343 /* Sources */ = {
			isa = PBXSourcesBuildPhase;
			files = (
				40C6BDE92E7C782500D3B0B8 /* LegoSetService.swift in Sources */,
				40C6BDEA2E7C782500D3B0B8 /* LegoSet.swift in Sources */,
				402F27E92E7D275A00F00917 /* CollectionService.swift in Sources */,
				402F27EA2E7D275A00F00917 /* SearchHistoryService.swift in Sources */,
				40C6BDEB2E7C782500D3B0B8 /* GeneratedConfiguration.swift in Sources */,
				4091B0AC2E7D47AD0079F97C /* OfflineManager.swift in Sources */,
				40C6BDEC2E7C782500D3B0B8 /* UserCollection.swift in Sources */,
				40C6BDED2E7C782500D3B0B8 /* APIConfiguration.swift in Sources */,
				40C6BDEE2E7C782500D3B0B8 /* Theme.swift in Sources */,
				40C6BDEF2E7C782500D3B0B8 /* ContentView.swift in Sources */,
				402F28072E7D278100F00917 /* MissingPart.swift in Sources */,
				402F28082E7D278100F00917 /* BrixieMigrationPlan.swift in Sources */,
				4091B0AA2E7D477E0079F97C /* BrixieError.swift in Sources */,
				40C6BDF02E7C782500D3B0B8 /* AsyncCachedImage.swift in Sources */,
				402F27F82E7D276E00F00917 /* BarcodeScannerView.swift in Sources */,
				4091B0A42E7D47680079F97C /* SearchViewModel.swift in Sources */,
				4091B0A52E7D47680079F97C /* WishlistViewModel.swift in Sources */,
				4091B0A62E7D47680079F97C /* CollectionViewModel.swift in Sources */,
				4091B0A72E7D47680079F97C /* SetDetailViewModel.swift in Sources */,
				4091B0A82E7D47680079F97C /* BrowseViewModel.swift in Sources */,
				402F27F92E7D276E00F00917 /* BrowseView.swift in Sources */,
				402F27FA2E7D276E00F00917 /* CollectionExportView.swift in Sources */,
				402F27FB2E7D276E00F00917 /* CollectionStatisticsView.swift in Sources */,
				402F27FC2E7D276E00F00917 /* SearchFiltersView.swift in Sources */,
				402F27FD2E7D276E00F00917 /* CollectionView.swift in Sources */,
				402F27FE2E7D276E00F00917 /* SetListView.swift in Sources */,
				402F27FF2E7D276E00F00917 /* SettingsView.swift in Sources */,
				402F28002E7D276E00F00917 /* MissingPartsView.swift in Sources */,
				402F28012E7D276E00F00917 /* SearchView.swift in Sources */,
				402F280B2E7D279400F00917 /* SetCardView.swift in Sources */,
				402F280C2E7D279400F00917 /* LoadingView.swift in Sources */,
				402F28022E7D276E00F00917 /* SetDetailView.swift in Sources */,
				402F28032E7D276E00F00917 /* WishlistView.swift in Sources */,
				402F28042E7D276E00F00917 /* ThemeNavigator.swift in Sources */,
				40C6BDF12E7C782500D3B0B8 /* ImageCacheService.swift in Sources */,
				40C6BDF22E7C782500D3B0B8 /* BrixieApp.swift in Sources */,
			);
		};
		402471952E65926A001A8343 /* Sources */ = {
			isa = PBXSourcesBuildPhase;
			files = (
				402F28102E7D32C700F00917 /* ModelTests.swift in Sources */,
				402F28112E7D32C700F00917 /* ServiceTests.swift in Sources */,
			);
		};
		4024719F2E65926A001A8343 /* Sources */ = {
			isa = PBXSourcesBuildPhase;
			files = (
				401B0A2E2E7D3AB000C62B5D /* AccessibilityUITests.swift in Sources */,
				401B0A2F2E7D3AB000C62B5D /* ErrorHandlingPerformanceUITests.swift in Sources */,
				401B0A262E7D3A9A00C62B5D /* NavigationUITests.swift in Sources */,
				401B0A272E7D3A9A00C62B5D /* MissingPartsUITests.swift in Sources */,
				401B0A282E7D3A9A00C62B5D /* BrowseUITests.swift in Sources */,
				401B0A292E7D3A9A00C62B5D /* CollectionUITests.swift in Sources */,
				401B0A2A2E7D3A9A00C62B5D /* SearchUITests.swift in Sources */,
				401B0A2B2E7D3A9A00C62B5D /* BaseUITest.swift in Sources */,
			);
		};
/* End PBXSourcesBuildPhase section */

/* Begin PBXTargetDependency section */
		4024719B2E65926A001A8343 /* PBXTargetDependency */ = {
			isa = PBXTargetDependency;
			target = 402471872E659269001A8343 /* Brixie */;
			targetProxy = 4024719A2E65926A001A8343 /* PBXContainerItemProxy */;
		};
		402471A52E65926A001A8343 /* PBXTargetDependency */ = {
			isa = PBXTargetDependency;
			target = 402471872E659269001A8343 /* Brixie */;
			targetProxy = 402471A42E65926A001A8343 /* PBXContainerItemProxy */;
		};
/* End PBXTargetDependency section */

/* Begin XCBuildConfiguration section */
		402471AD2E65926A001A8343 /* Debug configuration for PBXNativeTarget "Brixie" */ = {
			isa = XCBuildConfiguration;
			buildSettings = {
				ASSETCATALOG_COMPILER_APPICON_NAME = AppIcon;
				ASSETCATALOG_COMPILER_GLOBAL_ACCENT_COLOR_NAME = AccentColor;
				CODE_SIGN_IDENTITY = "Apple Development";
				CODE_SIGN_STYLE = Automatic;
				CURRENT_PROJECT_VERSION = 1;
				DEAD_CODE_STRIPPING = YES;
				DEVELOPMENT_TEAM = PZV43D6HWT;
				ENABLE_APP_SANDBOX = YES;
				ENABLE_HARDENED_RUNTIME = YES;
				ENABLE_INCOMING_NETWORK_CONNECTIONS = NO;
				ENABLE_OUTGOING_NETWORK_CONNECTIONS = YES;
				ENABLE_PREVIEWS = YES;
				ENABLE_RESOURCE_ACCESS_AUDIO_INPUT = NO;
				ENABLE_RESOURCE_ACCESS_BLUETOOTH = NO;
				ENABLE_RESOURCE_ACCESS_CALENDARS = NO;
				ENABLE_RESOURCE_ACCESS_CAMERA = NO;
				ENABLE_RESOURCE_ACCESS_CONTACTS = NO;
				ENABLE_RESOURCE_ACCESS_LOCATION = NO;
				ENABLE_RESOURCE_ACCESS_PRINTING = NO;
				ENABLE_RESOURCE_ACCESS_USB = NO;
				ENABLE_USER_SELECTED_FILES = readonly;
				GENERATE_INFOPLIST_FILE = YES;
				INFOPLIST_FILE = Brixie/Info.plist;
				INFOPLIST_KEY_LSApplicationCategoryType = "public.app-category.reference";
				INFOPLIST_KEY_REBRICKABLE_API_KEY = "$(REBRICKABLE_API_KEY)";
				"INFOPLIST_KEY_UIApplicationSceneManifest_Generation[sdk=iphoneos*]" = YES;
				"INFOPLIST_KEY_UIApplicationSceneManifest_Generation[sdk=iphonesimulator*]" = YES;
				"INFOPLIST_KEY_UIApplicationSupportsIndirectInputEvents[sdk=iphoneos*]" = YES;
				"INFOPLIST_KEY_UIApplicationSupportsIndirectInputEvents[sdk=iphonesimulator*]" = YES;
				"INFOPLIST_KEY_UILaunchScreen_Generation[sdk=iphoneos*]" = YES;
				"INFOPLIST_KEY_UILaunchScreen_Generation[sdk=iphonesimulator*]" = YES;
				"INFOPLIST_KEY_UIStatusBarStyle[sdk=iphoneos*]" = UIStatusBarStyleDefault;
				"INFOPLIST_KEY_UIStatusBarStyle[sdk=iphonesimulator*]" = UIStatusBarStyleDefault;
				INFOPLIST_KEY_UISupportedInterfaceOrientations_iPad = "UIInterfaceOrientationPortrait UIInterfaceOrientationPortraitUpsideDown UIInterfaceOrientationLandscapeLeft UIInterfaceOrientationLandscapeRight";
				INFOPLIST_KEY_UISupportedInterfaceOrientations_iPhone = "UIInterfaceOrientationPortrait UIInterfaceOrientationLandscapeLeft UIInterfaceOrientationLandscapeRight";
				IPHONEOS_DEPLOYMENT_TARGET = 26.0;
				LD_RUNPATH_SEARCH_PATHS = "@executable_path/Frameworks";
				"LD_RUNPATH_SEARCH_PATHS[sdk=macosx*]" = "@executable_path/../Frameworks";
				MACOSX_DEPLOYMENT_TARGET = 18.0;
				MARKETING_VERSION = 1.0;
				PRODUCT_BUNDLE_IDENTIFIER = eu.mpwg.Brixie;
				PRODUCT_NAME = "$(TARGET_NAME)";
				PROVISIONING_PROFILE_SPECIFIER = "";
				REGISTER_APP_GROUPS = YES;
				SDKROOT = auto;
				STRING_CATALOG_GENERATE_SYMBOLS = YES;
				SUPPORTED_PLATFORMS = "iphoneos iphonesimulator";
				SUPPORTS_MACCATALYST = YES;
				SUPPORTS_XR_DESIGNED_FOR_IPHONE_IPAD = NO;
				SWIFT_APPROACHABLE_CONCURRENCY = YES;
				SWIFT_DEFAULT_ACTOR_ISOLATION = MainActor;
				SWIFT_EMIT_LOC_STRINGS = YES;
				SWIFT_STRICT_CONCURRENCY = complete;
				SWIFT_STRICT_MEMORY_SAFETY = YES;
				SWIFT_UPCOMING_FEATURE_MEMBER_IMPORT_VISIBILITY = YES;
				SWIFT_VERSION = 6.0;
				TARGETED_DEVICE_FAMILY = "1,2,6";
				XROS_DEPLOYMENT_TARGET = 18.0;
			};
			name = Debug;
		};
		402471AE2E65926A001A8343 /* Release configuration for PBXNativeTarget "Brixie" */ = {
			isa = XCBuildConfiguration;
			buildSettings = {
				ASSETCATALOG_COMPILER_APPICON_NAME = AppIcon;
				ASSETCATALOG_COMPILER_GLOBAL_ACCENT_COLOR_NAME = AccentColor;
				CODE_SIGN_IDENTITY = "Apple Development";
				CODE_SIGN_STYLE = Automatic;
				CURRENT_PROJECT_VERSION = 1;
				DEAD_CODE_STRIPPING = YES;
				DEVELOPMENT_TEAM = PZV43D6HWT;
				ENABLE_APP_SANDBOX = YES;
				ENABLE_HARDENED_RUNTIME = YES;
				ENABLE_INCOMING_NETWORK_CONNECTIONS = NO;
				ENABLE_OUTGOING_NETWORK_CONNECTIONS = YES;
				ENABLE_PREVIEWS = YES;
				ENABLE_RESOURCE_ACCESS_AUDIO_INPUT = NO;
				ENABLE_RESOURCE_ACCESS_BLUETOOTH = NO;
				ENABLE_RESOURCE_ACCESS_CALENDARS = NO;
				ENABLE_RESOURCE_ACCESS_CAMERA = NO;
				ENABLE_RESOURCE_ACCESS_CONTACTS = NO;
				ENABLE_RESOURCE_ACCESS_LOCATION = NO;
				ENABLE_RESOURCE_ACCESS_PRINTING = NO;
				ENABLE_RESOURCE_ACCESS_USB = NO;
				ENABLE_USER_SELECTED_FILES = readonly;
				GENERATE_INFOPLIST_FILE = YES;
				INFOPLIST_FILE = Brixie/Info.plist;
				INFOPLIST_KEY_LSApplicationCategoryType = "public.app-category.reference";
				INFOPLIST_KEY_REBRICKABLE_API_KEY = "$(REBRICKABLE_API_KEY)";
				"INFOPLIST_KEY_UIApplicationSceneManifest_Generation[sdk=iphoneos*]" = YES;
				"INFOPLIST_KEY_UIApplicationSceneManifest_Generation[sdk=iphonesimulator*]" = YES;
				"INFOPLIST_KEY_UIApplicationSupportsIndirectInputEvents[sdk=iphoneos*]" = YES;
				"INFOPLIST_KEY_UIApplicationSupportsIndirectInputEvents[sdk=iphonesimulator*]" = YES;
				"INFOPLIST_KEY_UILaunchScreen_Generation[sdk=iphoneos*]" = YES;
				"INFOPLIST_KEY_UILaunchScreen_Generation[sdk=iphonesimulator*]" = YES;
				"INFOPLIST_KEY_UIStatusBarStyle[sdk=iphoneos*]" = UIStatusBarStyleDefault;
				"INFOPLIST_KEY_UIStatusBarStyle[sdk=iphonesimulator*]" = UIStatusBarStyleDefault;
				INFOPLIST_KEY_UISupportedInterfaceOrientations_iPad = "UIInterfaceOrientationPortrait UIInterfaceOrientationPortraitUpsideDown UIInterfaceOrientationLandscapeLeft UIInterfaceOrientationLandscapeRight";
				INFOPLIST_KEY_UISupportedInterfaceOrientations_iPhone = "UIInterfaceOrientationPortrait UIInterfaceOrientationLandscapeLeft UIInterfaceOrientationLandscapeRight";
				IPHONEOS_DEPLOYMENT_TARGET = 26.0;
				LD_RUNPATH_SEARCH_PATHS = "@executable_path/Frameworks";
				"LD_RUNPATH_SEARCH_PATHS[sdk=macosx*]" = "@executable_path/../Frameworks";
				MACOSX_DEPLOYMENT_TARGET = 18.0;
				MARKETING_VERSION = 1.0;
				PRODUCT_BUNDLE_IDENTIFIER = eu.mpwg.Brixie;
				PRODUCT_NAME = "$(TARGET_NAME)";
				PROVISIONING_PROFILE_SPECIFIER = "";
				REGISTER_APP_GROUPS = YES;
				SDKROOT = auto;
				STRING_CATALOG_GENERATE_SYMBOLS = YES;
				SUPPORTED_PLATFORMS = "iphoneos iphonesimulator";
				SUPPORTS_MACCATALYST = YES;
				SUPPORTS_XR_DESIGNED_FOR_IPHONE_IPAD = NO;
				SWIFT_APPROACHABLE_CONCURRENCY = YES;
				SWIFT_DEFAULT_ACTOR_ISOLATION = MainActor;
				SWIFT_EMIT_LOC_STRINGS = YES;
				SWIFT_STRICT_CONCURRENCY = complete;
				SWIFT_STRICT_MEMORY_SAFETY = YES;
				SWIFT_UPCOMING_FEATURE_MEMBER_IMPORT_VISIBILITY = YES;
				SWIFT_VERSION = 6.0;
				TARGETED_DEVICE_FAMILY = "1,2,6";
				XROS_DEPLOYMENT_TARGET = 18.0;
			};
			name = Release;
		};
		402471AF2E65926A001A8343 /* Debug configuration for PBXProject "Brixie" */ = {
			isa = XCBuildConfiguration;
			buildSettings = {
				ALWAYS_SEARCH_USER_PATHS = NO;
				ASSETCATALOG_COMPILER_GENERATE_SWIFT_ASSET_SYMBOL_EXTENSIONS = YES;
				CLANG_ANALYZER_LOCALIZABILITY_NONLOCALIZED = YES;
				CLANG_ANALYZER_NONNULL = YES;
				CLANG_ANALYZER_NUMBER_OBJECT_CONVERSION = YES_AGGRESSIVE;
				CLANG_CXX_LANGUAGE_STANDARD = "gnu++20";
				CLANG_ENABLE_MODULES = YES;
				CLANG_ENABLE_OBJC_ARC = YES;
				CLANG_ENABLE_OBJC_WEAK = YES;
				CLANG_WARN_BLOCK_CAPTURE_AUTORELEASING = YES;
				CLANG_WARN_BOOL_CONVERSION = YES;
				CLANG_WARN_COMMA = YES;
				CLANG_WARN_CONSTANT_CONVERSION = YES;
				CLANG_WARN_DEPRECATED_OBJC_IMPLEMENTATIONS = YES;
				CLANG_WARN_DIRECT_OBJC_ISA_USAGE = YES_ERROR;
				CLANG_WARN_DOCUMENTATION_COMMENTS = YES;
				CLANG_WARN_EMPTY_BODY = YES;
				CLANG_WARN_ENUM_CONVERSION = YES;
				CLANG_WARN_INFINITE_RECURSION = YES;
				CLANG_WARN_INT_CONVERSION = YES;
				CLANG_WARN_NON_LITERAL_NULL_CONVERSION = YES;
				CLANG_WARN_OBJC_IMPLICIT_RETAIN_SELF = YES;
				CLANG_WARN_OBJC_LITERAL_CONVERSION = YES;
				CLANG_WARN_OBJC_ROOT_CLASS = YES_ERROR;
				CLANG_WARN_QUOTED_INCLUDE_IN_FRAMEWORK_HEADER = YES;
				CLANG_WARN_RANGE_LOOP_ANALYSIS = YES;
				CLANG_WARN_STRICT_PROTOTYPES = YES;
				CLANG_WARN_SUSPICIOUS_MOVE = YES;
				CLANG_WARN_UNGUARDED_AVAILABILITY = YES_AGGRESSIVE;
				CLANG_WARN_UNREACHABLE_CODE = YES;
				CLANG_WARN__DUPLICATE_METHOD_MATCH = YES;
				COPY_PHASE_STRIP = NO;
				DEAD_CODE_STRIPPING = YES;
				DEBUG_INFORMATION_FORMAT = dwarf;
				DEVELOPMENT_TEAM = PZV43D6HWT;
				ENABLE_STRICT_OBJC_MSGSEND = YES;
				ENABLE_TESTABILITY = YES;
				ENABLE_USER_SCRIPT_SANDBOXING = YES;
				GCC_C_LANGUAGE_STANDARD = gnu17;
				GCC_DYNAMIC_NO_PIC = NO;
				GCC_NO_COMMON_BLOCKS = YES;
				GCC_OPTIMIZATION_LEVEL = 0;
				GCC_PREPROCESSOR_DEFINITIONS = (
					"DEBUG=1",
					"$(inherited)",
				);
				GCC_TREAT_WARNINGS_AS_ERRORS = YES;
				GCC_WARN_64_TO_32_BIT_CONVERSION = YES;
				GCC_WARN_ABOUT_RETURN_TYPE = YES_ERROR;
				GCC_WARN_UNDECLARED_SELECTOR = YES;
				GCC_WARN_UNINITIALIZED_AUTOS = YES_AGGRESSIVE;
				GCC_WARN_UNUSED_FUNCTION = YES;
				GCC_WARN_UNUSED_VARIABLE = YES;
				LOCALIZATION_PREFERS_STRING_CATALOGS = YES;
				MTL_ENABLE_DEBUG_INFO = INCLUDE_SOURCE;
				MTL_FAST_MATH = YES;
				ONLY_ACTIVE_ARCH = YES;
				STRING_CATALOG_GENERATE_SYMBOLS = YES;
				SWIFT_ACTIVE_COMPILATION_CONDITIONS = "DEBUG $(inherited)";
				SWIFT_OPTIMIZATION_LEVEL = "-Onone";
				SWIFT_TREAT_WARNINGS_AS_ERRORS = YES;
			};
			name = Debug;
		};
		402471B02E65926A001A8343 /* Release configuration for PBXProject "Brixie" */ = {
			isa = XCBuildConfiguration;
			buildSettings = {
				ALWAYS_SEARCH_USER_PATHS = NO;
				ASSETCATALOG_COMPILER_GENERATE_SWIFT_ASSET_SYMBOL_EXTENSIONS = YES;
				CLANG_ANALYZER_LOCALIZABILITY_NONLOCALIZED = YES;
				CLANG_ANALYZER_NONNULL = YES;
				CLANG_ANALYZER_NUMBER_OBJECT_CONVERSION = YES_AGGRESSIVE;
				CLANG_CXX_LANGUAGE_STANDARD = "gnu++20";
				CLANG_ENABLE_MODULES = YES;
				CLANG_ENABLE_OBJC_ARC = YES;
				CLANG_ENABLE_OBJC_WEAK = YES;
				CLANG_WARN_BLOCK_CAPTURE_AUTORELEASING = YES;
				CLANG_WARN_BOOL_CONVERSION = YES;
				CLANG_WARN_COMMA = YES;
				CLANG_WARN_CONSTANT_CONVERSION = YES;
				CLANG_WARN_DEPRECATED_OBJC_IMPLEMENTATIONS = YES;
				CLANG_WARN_DIRECT_OBJC_ISA_USAGE = YES_ERROR;
				CLANG_WARN_DOCUMENTATION_COMMENTS = YES;
				CLANG_WARN_EMPTY_BODY = YES;
				CLANG_WARN_ENUM_CONVERSION = YES;
				CLANG_WARN_INFINITE_RECURSION = YES;
				CLANG_WARN_INT_CONVERSION = YES;
				CLANG_WARN_NON_LITERAL_NULL_CONVERSION = YES;
				CLANG_WARN_OBJC_IMPLICIT_RETAIN_SELF = YES;
				CLANG_WARN_OBJC_LITERAL_CONVERSION = YES;
				CLANG_WARN_OBJC_ROOT_CLASS = YES_ERROR;
				CLANG_WARN_QUOTED_INCLUDE_IN_FRAMEWORK_HEADER = YES;
				CLANG_WARN_RANGE_LOOP_ANALYSIS = YES;
				CLANG_WARN_STRICT_PROTOTYPES = YES;
				CLANG_WARN_SUSPICIOUS_MOVE = YES;
				CLANG_WARN_UNGUARDED_AVAILABILITY = YES_AGGRESSIVE;
				CLANG_WARN_UNREACHABLE_CODE = YES;
				CLANG_WARN__DUPLICATE_METHOD_MATCH = YES;
				COPY_PHASE_STRIP = NO;
				DEAD_CODE_STRIPPING = YES;
				DEBUG_INFORMATION_FORMAT = "dwarf-with-dsym";
				DEVELOPMENT_TEAM = PZV43D6HWT;
				ENABLE_NS_ASSERTIONS = NO;
				ENABLE_STRICT_OBJC_MSGSEND = YES;
				ENABLE_USER_SCRIPT_SANDBOXING = YES;
				GCC_C_LANGUAGE_STANDARD = gnu17;
				GCC_NO_COMMON_BLOCKS = YES;
				GCC_TREAT_WARNINGS_AS_ERRORS = YES;
				GCC_WARN_64_TO_32_BIT_CONVERSION = YES;
				GCC_WARN_ABOUT_RETURN_TYPE = YES_ERROR;
				GCC_WARN_UNDECLARED_SELECTOR = YES;
				GCC_WARN_UNINITIALIZED_AUTOS = YES_AGGRESSIVE;
				GCC_WARN_UNUSED_FUNCTION = YES;
				GCC_WARN_UNUSED_VARIABLE = YES;
				LOCALIZATION_PREFERS_STRING_CATALOGS = YES;
				MTL_ENABLE_DEBUG_INFO = NO;
				MTL_FAST_MATH = YES;
				STRING_CATALOG_GENERATE_SYMBOLS = YES;
				SWIFT_COMPILATION_MODE = wholemodule;
				SWIFT_TREAT_WARNINGS_AS_ERRORS = YES;
			};
			name = Release;
		};
		402471B22E65926A001A8343 /* Debug configuration for PBXNativeTarget "BrixieTests" */ = {
			isa = XCBuildConfiguration;
			buildSettings = {
				BUNDLE_LOADER = "$(TEST_HOST)";
				CODE_SIGN_STYLE = Manual;
				CURRENT_PROJECT_VERSION = 1;
				DEAD_CODE_STRIPPING = YES;
				DEVELOPMENT_TEAM = PZV43D6HWT;
				GENERATE_INFOPLIST_FILE = YES;
				IPHONEOS_DEPLOYMENT_TARGET = 26.0;
				MACOSX_DEPLOYMENT_TARGET = 18.0;
				MARKETING_VERSION = 1.0;
				PRODUCT_BUNDLE_IDENTIFIER = eu.mpwg.BrixieTests;
				PRODUCT_NAME = "$(TARGET_NAME)";
				SDKROOT = auto;
				STRING_CATALOG_GENERATE_SYMBOLS = NO;
				SUPPORTED_PLATFORMS = "iphoneos iphonesimulator";
				SUPPORTS_MACCATALYST = YES;
				SUPPORTS_XR_DESIGNED_FOR_IPHONE_IPAD = NO;
				SWIFT_APPROACHABLE_CONCURRENCY = YES;
				SWIFT_EMIT_LOC_STRINGS = NO;
				SWIFT_STRICT_CONCURRENCY = complete;
				SWIFT_UPCOMING_FEATURE_MEMBER_IMPORT_VISIBILITY = YES;
				SWIFT_VERSION = 6.0;
				TARGETED_DEVICE_FAMILY = "1,2";
				TEST_HOST = "$(BUILT_PRODUCTS_DIR)/Brixie.app/$(BUNDLE_EXECUTABLE_FOLDER_PATH)/Brixie";
				XROS_DEPLOYMENT_TARGET = 18.0;
			};
			name = Debug;
		};
		402471B32E65926A001A8343 /* Release configuration for PBXNativeTarget "BrixieTests" */ = {
			isa = XCBuildConfiguration;
			buildSettings = {
				BUNDLE_LOADER = "$(TEST_HOST)";
				CODE_SIGN_STYLE = Manual;
				CURRENT_PROJECT_VERSION = 1;
				DEAD_CODE_STRIPPING = YES;
				DEVELOPMENT_TEAM = PZV43D6HWT;
				GENERATE_INFOPLIST_FILE = YES;
				IPHONEOS_DEPLOYMENT_TARGET = 26.0;
				MACOSX_DEPLOYMENT_TARGET = 18.0;
				MARKETING_VERSION = 1.0;
				PRODUCT_BUNDLE_IDENTIFIER = eu.mpwg.BrixieTests;
				PRODUCT_NAME = "$(TARGET_NAME)";
				SDKROOT = auto;
				STRING_CATALOG_GENERATE_SYMBOLS = NO;
				SUPPORTED_PLATFORMS = "iphoneos iphonesimulator";
				SUPPORTS_MACCATALYST = YES;
				SUPPORTS_XR_DESIGNED_FOR_IPHONE_IPAD = NO;
				SWIFT_APPROACHABLE_CONCURRENCY = YES;
				SWIFT_EMIT_LOC_STRINGS = NO;
				SWIFT_STRICT_CONCURRENCY = complete;
				SWIFT_UPCOMING_FEATURE_MEMBER_IMPORT_VISIBILITY = YES;
				SWIFT_VERSION = 6.0;
				TARGETED_DEVICE_FAMILY = "1,2";
				TEST_HOST = "$(BUILT_PRODUCTS_DIR)/Brixie.app/$(BUNDLE_EXECUTABLE_FOLDER_PATH)/Brixie";
				XROS_DEPLOYMENT_TARGET = 18.0;
			};
			name = Release;
		};
		402471B52E65926A001A8343 /* Debug configuration for PBXNativeTarget "BrixieUITests" */ = {
			isa = XCBuildConfiguration;
			buildSettings = {
				CODE_SIGN_STYLE = Manual;
				CURRENT_PROJECT_VERSION = 1;
				DEAD_CODE_STRIPPING = YES;
				DEVELOPMENT_TEAM = PZV43D6HWT;
				GENERATE_INFOPLIST_FILE = YES;
				IPHONEOS_DEPLOYMENT_TARGET = 26.0;
				MACOSX_DEPLOYMENT_TARGET = 18.0;
				MARKETING_VERSION = 1.0;
				PRODUCT_BUNDLE_IDENTIFIER = eu.mpwg.BrixieUITests;
				PRODUCT_NAME = "$(TARGET_NAME)";
				SDKROOT = auto;
				STRING_CATALOG_GENERATE_SYMBOLS = NO;
				SUPPORTED_PLATFORMS = "iphoneos iphonesimulator";
				SUPPORTS_MACCATALYST = YES;
				SUPPORTS_XR_DESIGNED_FOR_IPHONE_IPAD = NO;
				SWIFT_APPROACHABLE_CONCURRENCY = YES;
				SWIFT_EMIT_LOC_STRINGS = NO;
				SWIFT_STRICT_CONCURRENCY = complete;
				SWIFT_UPCOMING_FEATURE_MEMBER_IMPORT_VISIBILITY = YES;
				SWIFT_VERSION = 6.0;
				TARGETED_DEVICE_FAMILY = "1,2";
				TEST_TARGET_NAME = Brixie;
				XROS_DEPLOYMENT_TARGET = 18.0;
			};
			name = Debug;
		};
		402471B62E65926A001A8343 /* Release configuration for PBXNativeTarget "BrixieUITests" */ = {
			isa = XCBuildConfiguration;
			buildSettings = {
				CODE_SIGN_STYLE = Manual;
				CURRENT_PROJECT_VERSION = 1;
				DEAD_CODE_STRIPPING = YES;
				DEVELOPMENT_TEAM = PZV43D6HWT;
				GENERATE_INFOPLIST_FILE = YES;
				IPHONEOS_DEPLOYMENT_TARGET = 26.0;
				MACOSX_DEPLOYMENT_TARGET = 18.0;
				MARKETING_VERSION = 1.0;
				PRODUCT_BUNDLE_IDENTIFIER = eu.mpwg.BrixieUITests;
				PRODUCT_NAME = "$(TARGET_NAME)";
				SDKROOT = auto;
				STRING_CATALOG_GENERATE_SYMBOLS = NO;
				SUPPORTED_PLATFORMS = "iphoneos iphonesimulator";
				SUPPORTS_MACCATALYST = YES;
				SUPPORTS_XR_DESIGNED_FOR_IPHONE_IPAD = NO;
				SWIFT_APPROACHABLE_CONCURRENCY = YES;
				SWIFT_EMIT_LOC_STRINGS = NO;
				SWIFT_STRICT_CONCURRENCY = complete;
				SWIFT_UPCOMING_FEATURE_MEMBER_IMPORT_VISIBILITY = YES;
				SWIFT_VERSION = 6.0;
				TARGETED_DEVICE_FAMILY = "1,2";
				TEST_TARGET_NAME = Brixie;
				XROS_DEPLOYMENT_TARGET = 18.0;
			};
			name = Release;
		};
/* End XCBuildConfiguration section */

/* Begin XCConfigurationList section */
		402471832E659269001A8343 /* Build configuration list for PBXProject "Brixie" */ = {
			isa = XCConfigurationList;
			buildConfigurations = (
				402471AF2E65926A001A8343 /* Debug configuration for PBXProject "Brixie" */,
				402471B02E65926A001A8343 /* Release configuration for PBXProject "Brixie" */,
			);
			defaultConfigurationName = Release;
		};
		402471AC2E65926A001A8343 /* Build configuration list for PBXNativeTarget "Brixie" */ = {
			isa = XCConfigurationList;
			buildConfigurations = (
				402471AD2E65926A001A8343 /* Debug configuration for PBXNativeTarget "Brixie" */,
				402471AE2E65926A001A8343 /* Release configuration for PBXNativeTarget "Brixie" */,
			);
			defaultConfigurationName = Release;
		};
		402471B12E65926A001A8343 /* Build configuration list for PBXNativeTarget "BrixieTests" */ = {
			isa = XCConfigurationList;
			buildConfigurations = (
				402471B22E65926A001A8343 /* Debug configuration for PBXNativeTarget "BrixieTests" */,
				402471B32E65926A001A8343 /* Release configuration for PBXNativeTarget "BrixieTests" */,
			);
			defaultConfigurationName = Release;
		};
		402471B42E65926A001A8343 /* Build configuration list for PBXNativeTarget "BrixieUITests" */ = {
			isa = XCConfigurationList;
			buildConfigurations = (
				402471B52E65926A001A8343 /* Debug configuration for PBXNativeTarget "BrixieUITests" */,
				402471B62E65926A001A8343 /* Release configuration for PBXNativeTarget "BrixieUITests" */,
			);
			defaultConfigurationName = Release;
		};
/* End XCConfigurationList section */

/* Begin XCRemoteSwiftPackageReference section */
		40E9B59A2E675D0200906173 /* XCRemoteSwiftPackageReference "Rebrickable-swift" */ = {
			isa = XCRemoteSwiftPackageReference;
			repositoryURL = "https://github.com/mpwg/Rebrickable-swift";
			requirement = {
				kind = upToNextMajorVersion;
				minimumVersion = 2.0.0;
			};
		};
/* End XCRemoteSwiftPackageReference section */

/* Begin XCSwiftPackageProductDependency section */
		40E9B59B2E675D0200906173 /* RebrickableLegoAPIClient */ = {
			isa = XCSwiftPackageProductDependency;
			package = 40E9B59A2E675D0200906173 /* XCRemoteSwiftPackageReference "Rebrickable-swift" */;
			productName = RebrickableLegoAPIClient;
		};
/* End XCSwiftPackageProductDependency section */
	};
	rootObject = 402471802E659269001A8343 /* Project object */;
}
