{
  "originHash" : "562d1cf78d7dbd1f82767276437c31161c31297e8a4c685cae6e9103cb8cdd18",
  "pins" : [
    {
      "identity" : "rebrickable-swift",
      "kind" : "remoteSourceControl",
      "location" : "https://github.com/mpwg/Rebrickable-swift",
      "state" : {
        "revision" : "38dffa4142e8f84d0b1a444b65a639d4804ac822",
        "version" : "2.0.0"
      }
    }
  ],
  "version" : 3
}
